
Microsoft Visual Studio Solution File, Format Version 12.00
# Visual Studio Version 17
VisualStudioVersion = 17.4.33213.308
MinimumVisualStudioVersion = 10.0.40219.1
Project("{9A19103F-16F7-4668-BE54-9A1E7A4F7556}") = "SignalR.Example", "src\SignalR.Example\SignalR.Example.csproj", "{2E41EF0A-E230-4A00-BB34-B55435824F8B}"
EndProject
Global
	GlobalSection(SolutionConfigurationPlatforms) = preSolution
		Debug|Any CPU = Debug|Any CPU
		Release|Any CPU = Release|Any CPU
	EndGlobalSection
	GlobalSection(ProjectConfigurationPlatforms) = postSolution
		{2E41EF0A-E230-4A00-BB34-B55435824F8B}.Debug|Any CPU.ActiveCfg = Debug|Any CPU
		{2E41EF0A-E230-4A00-BB34-B55435824F8B}.Debug|Any CPU.Build.0 = Debug|Any CPU
		{2E41EF0A-E230-4A00-BB34-B55435824F8B}.Release|Any CPU.ActiveCfg = Release|Any CPU
		{2E41EF0A-E230-4A00-BB34-B55435824F8B}.Release|Any CPU.Build.0 = Release|Any CPU
	EndGlobalSection
	GlobalSection(SolutionProperties) = preSolution
		HideSolutionNode = FALSE
	EndGlobalSection
	GlobalSection(ExtensibilityGlobals) = postSolution
		SolutionGuid = {AF04CDEA-B254-48B4-9BEC-B7459AA2E9B5}
	EndGlobalSection
EndGlobal
